// !$*UTF8*$!
{
	archiveVersion = 1;
	classes = {
	};
	objectVersion = 77;
	objects = {

/* Begin PBXContainerItemProxy section */
		90CC0CE52CFE52A2005284AF /* PBXContainerItemProxy */ = {
			isa = PBXContainerItemProxy;
			containerPortal = 90CC0CC62CFE52A1005284AF /* Project object */;
			proxyType = 1;
			remoteGlobalIDString = 90CC0CCD2CFE52A1005284AF;
			remoteInfo = BT_CustomGraphics;
		};
		90CC0CEF2CFE52A2005284AF /* PBXContainerItemProxy */ = {
			isa = PBXContainerItemProxy;
			containerPortal = 90CC0CC62CFE52A1005284AF /* Project object */;
			proxyType = 1;
			remoteGlobalIDString = 90CC0CCD2CFE52A1005284AF;
			remoteInfo = BT_CustomGraphics;
		};
/* End PBXContainerItemProxy section */

/* Begin PBXFileReference section */
		90CC0CCE2CFE52A1005284AF /* BT_CustomGraphics.app */ = {isa = PBXFileReference; explicitFileType = wrapper.application; includeInIndex = 0; path = BT_CustomGraphics.app; sourceTree = BUILT_PRODUCTS_DIR; };
		90CC0CE42CFE52A2005284AF /* BT_CustomGraphicsTests.xctest */ = {isa = PBXFileReference; explicitFileType = wrapper.cfbundle; includeInIndex = 0; path = BT_CustomGraphicsTests.xctest; sourceTree = BUILT_PRODUCTS_DIR; };
		90CC0CEE2CFE52A2005284AF /* BT_CustomGraphicsUITests.xctest */ = {isa = PBXFileReference; explicitFileType = wrapper.cfbundle; includeInIndex = 0; path = BT_CustomGraphicsUITests.xctest; sourceTree = BUILT_PRODUCTS_DIR; };
/* End PBXFileReference section */

/* Begin PBXFileSystemSynchronizedBuildFileExceptionSet section */
		90CC0CF62CFE52A2005284AF /* Exceptions for "BT_CustomGraphics" folder in "BT_CustomGraphics" target */ = {
			isa = PBXFileSystemSynchronizedBuildFileExceptionSet;
			membershipExceptions = (
				Info.plist,
			);
			target = 90CC0CCD2CFE52A1005284AF /* BT_CustomGraphics */;
		};
/* End PBXFileSystemSynchronizedBuildFileExceptionSet section */

/* Begin PBXFileSystemSynchronizedRootGroup section */
		90CC0CD02CFE52A1005284AF /* BT_CustomGraphics */ = {
			isa = PBXFileSystemSynchronizedRootGroup;
			exceptions = (
				90CC0CF62CFE52A2005284AF /* Exceptions for "BT_CustomGraphics" folder in "BT_CustomGraphics" target */,
			);
			path = BT_CustomGraphics;
			sourceTree = "<group>";
		};
		90CC0CE72CFE52A2005284AF /* BT_CustomGraphicsTests */ = {
			isa = PBXFileSystemSynchronizedRootGroup;
			path = BT_CustomGraphicsTests;
			sourceTree = "<group>";
		};
		90CC0CF12CFE52A2005284AF /* BT_CustomGraphicsUITests */ = {
			isa = PBXFileSystemSynchronizedRootGroup;
			path = BT_CustomGraphicsUITests;
			sourceTree = "<group>";
		};
/* End PBXFileSystemSynchronizedRootGroup section */

/* Begin PBXFrameworksBuildPhase section */
		90CC0CCB2CFE52A1005284AF /* Frameworks */ = {
			isa = PBXFrameworksBuildPhase;
			buildActionMask = 2147483647;
			files = (
			);
			runOnlyForDeploymentPostprocessing = 0;
		};
		90CC0CE12CFE52A2005284AF /* Frameworks */ = {
			isa = PBXFrameworksBuildPhase;
			buildActionMask = 2147483647;
			files = (
			);
			runOnlyForDeploymentPostprocessing = 0;
		};
		90CC0CEB2CFE52A2005284AF /* Frameworks */ = {
			isa = PBXFrameworksBuildPhase;
			buildActionMask = 2147483647;
			files = (
			);
			runOnlyForDeploymentPostprocessing = 0;
		};
/* End PBXFrameworksBuildPhase section */

/* Begin PBXGroup section */
		90CC0CC52CFE52A1005284AF = {
			isa = PBXGroup;
			children = (
				90CC0CD02CFE52A1005284AF /* BT_CustomGraphics */,
				90CC0CE72CFE52A2005284AF /* BT_CustomGraphicsTests */,
				90CC0CF12CFE52A2005284AF /* BT_CustomGraphicsUITests */,
				90CC0CCF2CFE52A1005284AF /* Products */,
			);
			sourceTree = "<group>";
		};
		90CC0CCF2CFE52A1005284AF /* Products */ = {
			isa = PBXGroup;
			children = (
				90CC0CCE2CFE52A1005284AF /* BT_CustomGraphics.app */,
				90CC0CE42CFE52A2005284AF /* BT_CustomGraphicsTests.xctest */,
				90CC0CEE2CFE52A2005284AF /* BT_CustomGraphicsUITests.xctest */,
			);
			name = Products;
			sourceTree = "<group>";
		};
/* End PBXGroup section */

/* Begin PBXNativeTarget section */
		90CC0CCD2CFE52A1005284AF /* BT_CustomGraphics */ = {
			isa = PBXNativeTarget;
			buildConfigurationList = 90CC0CF72CFE52A2005284AF /* Build configuration list for PBXNativeTarget "BT_CustomGraphics" */;
			buildPhases = (
				90CC0CCA2CFE52A1005284AF /* Sources */,
				90CC0CCB2CFE52A1005284AF /* Frameworks */,
				90CC0CCC2CFE52A1005284AF /* Resources */,
			);
			buildRules = (
			);
			dependencies = (
			);
			fileSystemSynchronizedGroups = (
				90CC0CD02CFE52A1005284AF /* BT_CustomGraphics */,
			);
			name = BT_CustomGraphics;
			packageProductDependencies = (
			);
			productName = BT_CustomGraphics;
			productReference = 90CC0CCE2CFE52A1005284AF /* BT_CustomGraphics.app */;
			productType = "com.apple.product-type.application";
		};
		90CC0CE32CFE52A2005284AF /* BT_CustomGraphicsTests */ = {
			isa = PBXNativeTarget;
			buildConfigurationList = 90CC0CFC2CFE52A2005284AF /* Build configuration list for PBXNativeTarget "BT_CustomGraphicsTests" */;
			buildPhases = (
				90CC0CE02CFE52A2005284AF /* Sources */,
				90CC0CE12CFE52A2005284AF /* Frameworks */,
				90CC0CE22CFE52A2005284AF /* Resources */,
			);
			buildRules = (
			);
			dependencies = (
				90CC0CE62CFE52A2005284AF /* PBXTargetDependency */,
			);
			fileSystemSynchronizedGroups = (
				90CC0CE72CFE52A2005284AF /* BT_CustomGraphicsTests */,
			);
			name = BT_CustomGraphicsTests;
			packageProductDependencies = (
			);
			productName = BT_CustomGraphicsTests;
			productReference = 90CC0CE42CFE52A2005284AF /* BT_CustomGraphicsTests.xctest */;
			productType = "com.apple.product-type.bundle.unit-test";
		};
		90CC0CED2CFE52A2005284AF /* BT_CustomGraphicsUITests */ = {
			isa = PBXNativeTarget;
			buildConfigurationList = 90CC0CFF2CFE52A2005284AF /* Build configuration list for PBXNativeTarget "BT_CustomGraphicsUITests" */;
			buildPhases = (
				90CC0CEA2CFE52A2005284AF /* Sources */,
				90CC0CEB2CFE52A2005284AF /* Frameworks */,
				90CC0CEC2CFE52A2005284AF /* Resources */,
			);
			buildRules = (
			);
			dependencies = (
				90CC0CF02CFE52A2005284AF /* PBXTargetDependency */,
			);
			fileSystemSynchronizedGroups = (
				90CC0CF12CFE52A2005284AF /* BT_CustomGraphicsUITests */,
			);
			name = BT_CustomGraphicsUITests;
			packageProductDependencies = (
			);
			productName = BT_CustomGraphicsUITests;
			productReference = 90CC0CEE2CFE52A2005284AF /* BT_CustomGraphicsUITests.xctest */;
			productType = "com.apple.product-type.bundle.ui-testing";
		};
/* End PBXNativeTarget section */

/* Begin PBXProject section */
		90CC0CC62CFE52A1005284AF /* Project object */ = {
			isa = PBXProject;
			attributes = {
				BuildIndependentTargetsInParallel = 1;
				LastSwiftUpdateCheck = 1600;
				LastUpgradeCheck = 1600;
				TargetAttributes = {
					90CC0CCD2CFE52A1005284AF = {
						CreatedOnToolsVersion = 16.0;
					};
					90CC0CE32CFE52A2005284AF = {
						CreatedOnToolsVersion = 16.0;
						TestTargetID = 90CC0CCD2CFE52A1005284AF;
					};
					90CC0CED2CFE52A2005284AF = {
						CreatedOnToolsVersion = 16.0;
						TestTargetID = 90CC0CCD2CFE52A1005284AF;
					};
				};
			};
			buildConfigurationList = 90CC0CC92CFE52A1005284AF /* Build configuration list for PBXProject "BT_CustomGraphics" */;
			developmentRegion = en;
			hasScannedForEncodings = 0;
			knownRegions = (
				en,
				Base,
			);
			mainGroup = 90CC0CC52CFE52A1005284AF;
			minimizedProjectReferenceProxies = 1;
			preferredProjectObjectVersion = 77;
			productRefGroup = 90CC0CCF2CFE52A1005284AF /* Products */;
			projectDirPath = "";
			projectRoot = "";
			targets = (
				90CC0CCD2CFE52A1005284AF /* BT_CustomGraphics */,
				90CC0CE32CFE52A2005284AF /* BT_CustomGraphicsTests */,
				90CC0CED2CFE52A2005284AF /* BT_CustomGraphicsUITests */,
			);
		};
/* End PBXProject section */

/* Begin PBXResourcesBuildPhase section */
		90CC0CCC2CFE52A1005284AF /* Resources */ = {
			isa = PBXResourcesBuildPhase;
			buildActionMask = 2147483647;
			files = (
			);
			runOnlyForDeploymentPostprocessing = 0;
		};
		90CC0CE22CFE52A2005284AF /* Resources */ = {
			isa = PBXResourcesBuildPhase;
			buildActionMask = 2147483647;
			files = (
			);
			runOnlyForDeploymentPostprocessing = 0;
		};
		90CC0CEC2CFE52A2005284AF /* Resources */ = {
			isa = PBXResourcesBuildPhase;
			buildActionMask = 2147483647;
			files = (
			);
			runOnlyForDeploymentPostprocessing = 0;
		};
/* End PBXResourcesBuildPhase section */

/* Begin PBXSourcesBuildPhase section */
		90CC0CCA2CFE52A1005284AF /* Sources */ = {
			isa = PBXSourcesBuildPhase;
			buildActionMask = 2147483647;
			files = (
			);
			runOnlyForDeploymentPostprocessing = 0;
		};
		90CC0CE02CFE52A2005284AF /* Sources */ = {
			isa = PBXSourcesBuildPhase;
			buildActionMask = 2147483647;
			files = (
			);
			runOnlyForDeploymentPostprocessing = 0;
		};
		90CC0CEA2CFE52A2005284AF /* Sources */ = {
			isa = PBXSourcesBuildPhase;
			buildActionMask = 2147483647;
			files = (
			);
			runOnlyForDeploymentPostprocessing = 0;
		};
/* End PBXSourcesBuildPhase section */

/* Begin PBXTargetDependency section */
		90CC0CE62CFE52A2005284AF /* PBXTargetDependency */ = {
			isa = PBXTargetDependency;
			target = 90CC0CCD2CFE52A1005284AF /* BT_CustomGraphics */;
			targetProxy = 90CC0CE52CFE52A2005284AF /* PBXContainerItemProxy */;
		};
		90CC0CF02CFE52A2005284AF /* PBXTargetDependency */ = {
			isa = PBXTargetDependency;
			target = 90CC0CCD2CFE52A1005284AF /* BT_CustomGraphics */;
			targetProxy = 90CC0CEF2CFE52A2005284AF /* PBXContainerItemProxy */;
		};
/* End PBXTargetDependency section */

/* Begin XCBuildConfiguration section */
		90CC0CF82CFE52A2005284AF /* Debug */ = {
			isa = XCBuildConfiguration;
			buildSettings = {
				ASSETCATALOG_COMPILER_APPICON_NAME = AppIcon;
				ASSETCATALOG_COMPILER_GLOBAL_ACCENT_COLOR_NAME = AccentColor;
				CODE_SIGN_STYLE = Automatic;
				CURRENT_PROJECT_VERSION = 1;
				GENERATE_INFOPLIST_FILE = YES;
				INFOPLIST_FILE = BT_CustomGraphics/Info.plist;
				INFOPLIST_KEY_UIApplicationSupportsIndirectInputEvents = YES;
				INFOPLIST_KEY_UILaunchStoryboardName = LaunchScreen;
				INFOPLIST_KEY_UIMainStoryboardFile = Main;
				INFOPLIST_KEY_UISupportedInterfaceOrientations_iPad = "UIInterfaceOrientationPortrait UIInterfaceOrientationPortraitUpsideDown UIInterfaceOrientationLandscapeLeft UIInterfaceOrientationLandscapeRight";
				INFOPLIST_KEY_UISupportedInterfaceOrientations_iPhone = "UIInterfaceOrientationPortrait UIInterfaceOrientationLandscapeLeft UIInterfaceOrientationLandscapeRight";
				LD_RUNPATH_SEARCH_PATHS = (
					"$(inherited)",
					"@executable_path/Frameworks",
				);
				MARKETING_VERSION = 1.0;
				PRODUCT_BUNDLE_IDENTIFIER = "bt007.BT-CustomGraphics";
				PRODUCT_NAME = "$(TARGET_NAME)";
				SWIFT_EMIT_LOC_STRINGS = YES;
				SWIFT_VERSION = 5.0;
				TARGETED_DEVICE_FAMILY = "1,2";
			};
			name = Debug;
		};
		90CC0CF92CFE52A2005284AF /* Release */ = {
			isa = XCBuildConfiguration;
			buildSettings = {
				ASSETCATALOG_COMPILER_APPICON_NAME = AppIcon;
				ASSETCATALOG_COMPILER_GLOBAL_ACCENT_COLOR_NAME = AccentColor;
				CODE_SIGN_STYLE = Automatic;
				CURRENT_PROJECT_VERSION = 1;
				GENERATE_INFOPLIST_FILE = YES;
				INFOPLIST_FILE = BT_CustomGraphics/Info.plist;
				INFOPLIST_KEY_UIApplicationSupportsIndirectInputEvents = YES;
				INFOPLIST_KEY_UILaunchStoryboardName = LaunchScreen;
				INFOPLIST_KEY_UIMainStoryboardFile = Main;
				INFOPLIST_KEY_UISupportedInterfaceOrientations_iPad = "UIInterfaceOrientationPortrait UIInterfaceOrientationPortraitUpsideDown UIInterfaceOrientationLandscapeLeft UIInterfaceOrientationLandscapeRight";
				INFOPLIST_KEY_UISupportedInterfaceOrientations_iPhone = "UIInterfaceOrientationPortrait UIInterfaceOrientationLandscapeLeft UIInterfaceOrientationLandscapeRight";
				LD_RUNPATH_SEARCH_PATHS = (
					"$(inherited)",
					"@executable_path/Frameworks",
				);
				MARKETING_VERSION = 1.0;
				PRODUCT_BUNDLE_IDENTIFIER = "bt007.BT-CustomGraphics";
				PRODUCT_NAME = "$(TARGET_NAME)";
				SWIFT_EMIT_LOC_STRINGS = YES;
				SWIFT_VERSION = 5.0;
				TARGETED_DEVICE_FAMILY = "1,2";
			};
			name = Release;
		};
		90CC0CFA2CFE52A2005284AF /* Debug */ = {
			isa = XCBuildConfiguration;
			buildSettings = {
				ALWAYS_SEARCH_USER_PATHS = NO;
				ASSETCATALOG_COMPILER_GENERATE_SWIFT_ASSET_SYMBOL_EXTENSIONS = YES;
				CLANG_ANALYZER_NONNULL = YES;
				CLANG_ANALYZER_NUMBER_OBJECT_CONVERSION = YES_AGGRESSIVE;
				CLANG_CXX_LANGUAGE_STANDARD = "gnu++20";
				CLANG_ENABLE_MODULES = YES;
				CLANG_ENABLE_OBJC_ARC = YES;
				CLANG_ENABLE_OBJC_WEAK = YES;
				CLANG_WARN_BLOCK_CAPTURE_AUTORELEASING = YES;
				CLANG_WARN_BOOL_CONVERSION = YES;
				CLANG_WARN_COMMA = YES;
				CLANG_WARN_CONSTANT_CONVERSION = YES;
				CLANG_WARN_DEPRECATED_OBJC_IMPLEMENTATIONS = YES;
				CLANG_WARN_DIRECT_OBJC_ISA_USAGE = YES_ERROR;
				CLANG_WARN_DOCUMENTATION_COMMENTS = YES;
				CLANG_WARN_EMPTY_BODY = YES;
				CLANG_WARN_ENUM_CONVERSION = YES;
				CLANG_WARN_INFINITE_RECURSION = YES;
				CLANG_WARN_INT_CONVERSION = YES;
				CLANG_WARN_NON_LITERAL_NULL_CONVERSION = YES;
				CLANG_WARN_OBJC_IMPLICIT_RETAIN_SELF = YES;
				CLANG_WARN_OBJC_LITERAL_CONVERSION = YES;
				CLANG_WARN_OBJC_ROOT_CLASS = YES_ERROR;
				CLANG_WARN_QUOTED_INCLUDE_IN_FRAMEWORK_HEADER = YES;
				CLANG_WARN_RANGE_LOOP_ANALYSIS = YES;
				CLANG_WARN_STRICT_PROTOTYPES = YES;
				CLANG_WARN_SUSPICIOUS_MOVE = YES;
				CLANG_WARN_UNGUARDED_AVAILABILITY = YES_AGGRESSIVE;
				CLANG_WARN_UNREACHABLE_CODE = YES;
				CLANG_WARN__DUPLICATE_METHOD_MATCH = YES;
				COPY_PHASE_STRIP = NO;
				DEBUG_INFORMATION_FORMAT = dwarf;
				ENABLE_STRICT_OBJC_MSGSEND = YES;
				ENABLE_TESTABILITY = YES;
				ENABLE_USER_SCRIPT_SANDBOXING = YES;
				GCC_C_LANGUAGE_STANDARD = gnu17;
				GCC_DYNAMIC_NO_PIC = NO;
				GCC_NO_COMMON_BLOCKS = YES;
				GCC_OPTIMIZATION_LEVEL = 0;
				GCC_PREPROCESSOR_DEFINITIONS = (
					"DEBUG=1",
					"$(inherited)",
				);
				GCC_WARN_64_TO_32_BIT_CONVERSION = YES;
				GCC_WARN_ABOUT_RETURN_TYPE = YES_ERROR;
				GCC_WARN_UNDECLARED_SELECTOR = YES;
				GCC_WARN_UNINITIALIZED_AUTOS = YES_AGGRESSIVE;
				GCC_WARN_UNUSED_FUNCTION = YES;
				GCC_WARN_UNUSED_VARIABLE = YES;
				IPHONEOS_DEPLOYMENT_TARGET = 18.0;
				LOCALIZATION_PREFERS_STRING_CATALOGS = YES;
				MTL_ENABLE_DEBUG_INFO = INCLUDE_SOURCE;
				MTL_FAST_MATH = YES;
				ONLY_ACTIVE_ARCH = YES;
				SDKROOT = iphoneos;
				SWIFT_ACTIVE_COMPILATION_CONDITIONS = "DEBUG $(inherited)";
				SWIFT_OPTIMIZATION_LEVEL = "-Onone";
			};
			name = Debug;
		};
		90CC0CFB2CFE52A2005284AF /* Release */ = {
			isa = XCBuildConfiguration;
			buildSettings = {
				ALWAYS_SEARCH_USER_PATHS = NO;
				ASSETCATALOG_COMPILER_GENERATE_SWIFT_ASSET_SYMBOL_EXTENSIONS = YES;
				CLANG_ANALYZER_NONNULL = YES;
				CLANG_ANALYZER_NUMBER_OBJECT_CONVERSION = YES_AGGRESSIVE;
				CLANG_CXX_LANGUAGE_STANDARD = "gnu++20";
				CLANG_ENABLE_MODULES = YES;
				CLANG_ENABLE_OBJC_ARC = YES;
				CLANG_ENABLE_OBJC_WEAK = YES;
				CLANG_WARN_BLOCK_CAPTURE_AUTORELEASING = YES;
				CLANG_WARN_BOOL_CONVERSION = YES;
				CLANG_WARN_COMMA = YES;
				CLANG_WARN_CONSTANT_CONVERSION = YES;
				CLANG_WARN_DEPRECATED_OBJC_IMPLEMENTATIONS = YES;
				CLANG_WARN_DIRECT_OBJC_ISA_USAGE = YES_ERROR;
				CLANG_WARN_DOCUMENTATION_COMMENTS = YES;
				CLANG_WARN_EMPTY_BODY = YES;
				CLANG_WARN_ENUM_CONVERSION = YES;
				CLANG_WARN_INFINITE_RECURSION = YES;
				CLANG_WARN_INT_CONVERSION = YES;
				CLANG_WARN_NON_LITERAL_NULL_CONVERSION = YES;
				CLANG_WARN_OBJC_IMPLICIT_RETAIN_SELF = YES;
				CLANG_WARN_OBJC_LITERAL_CONVERSION = YES;
				CLANG_WARN_OBJC_ROOT_CLASS = YES_ERROR;
				CLANG_WARN_QUOTED_INCLUDE_IN_FRAMEWORK_HEADER = YES;
				CLANG_WARN_RANGE_LOOP_ANALYSIS = YES;
				CLANG_WARN_STRICT_PROTOTYPES = YES;
				CLANG_WARN_SUSPICIOUS_MOVE = YES;
				CLANG_WARN_UNGUARDED_AVAILABILITY = YES_AGGRESSIVE;
				CLANG_WARN_UNREACHABLE_CODE = YES;
				CLANG_WARN__DUPLICATE_METHOD_MATCH = YES;
				COPY_PHASE_STRIP = NO;
				DEBUG_INFORMATION_FORMAT = "dwarf-with-dsym";
				ENABLE_NS_ASSERTIONS = NO;
				ENABLE_STRICT_OBJC_MSGSEND = YES;
				ENABLE_USER_SCRIPT_SANDBOXING = YES;
				GCC_C_LANGUAGE_STANDARD = gnu17;
				GCC_NO_COMMON_BLOCKS = YES;
				GCC_WARN_64_TO_32_BIT_CONVERSION = YES;
				GCC_WARN_ABOUT_RETURN_TYPE = YES_ERROR;
				GCC_WARN_UNDECLARED_SELECTOR = YES;
				GCC_WARN_UNINITIALIZED_AUTOS = YES_AGGRESSIVE;
				GCC_WARN_UNUSED_FUNCTION = YES;
				GCC_WARN_UNUSED_VARIABLE = YES;
				IPHONEOS_DEPLOYMENT_TARGET = 18.0;
				LOCALIZATION_PREFERS_STRING_CATALOGS = YES;
				MTL_ENABLE_DEBUG_INFO = NO;
				MTL_FAST_MATH = YES;
				SDKROOT = iphoneos;
				SWIFT_COMPILATION_MODE = wholemodule;
				VALIDATE_PRODUCT = YES;
			};
			name = Release;
		};
		90CC0CFD2CFE52A2005284AF /* Debug */ = {
			isa = XCBuildConfiguration;
			buildSettings = {
				BUNDLE_LOADER = "$(TEST_HOST)";
				CODE_SIGN_STYLE = Automatic;
				CURRENT_PROJECT_VERSION = 1;
				GENERATE_INFOPLIST_FILE = YES;
				IPHONEOS_DEPLOYMENT_TARGET = 18.0;
				MARKETING_VERSION = 1.0;
				PRODUCT_BUNDLE_IDENTIFIER = "bt007.BT-CustomGraphicsTests";
				PRODUCT_NAME = "$(TARGET_NAME)";
				SWIFT_EMIT_LOC_STRINGS = NO;
				SWIFT_VERSION = 5.0;
				TARGETED_DEVICE_FAMILY = "1,2";
				TEST_HOST = "$(BUILT_PRODUCTS_DIR)/BT_CustomGraphics.app/$(BUNDLE_EXECUTABLE_FOLDER_PATH)/BT_CustomGraphics";
			};
			name = Debug;
		};
		90CC0CFE2CFE52A2005284AF /* Release */ = {
			isa = XCBuildConfiguration;
			buildSettings = {
				BUNDLE_LOADER = "$(TEST_HOST)";
				CODE_SIGN_STYLE = Automatic;
				CURRENT_PROJECT_VERSION = 1;
				GENERATE_INFOPLIST_FILE = YES;
				IPHONEOS_DEPLOYMENT_TARGET = 18.0;
				MARKETING_VERSION = 1.0;
				PRODUCT_BUNDLE_IDENTIFIER = "bt007.BT-CustomGraphicsTests";
				PRODUCT_NAME = "$(TARGET_NAME)";
				SWIFT_EMIT_LOC_STRINGS = NO;
				SWIFT_VERSION = 5.0;
				TARGETED_DEVICE_FAMILY = "1,2";
				TEST_HOST = "$(BUILT_PRODUCTS_DIR)/BT_CustomGraphics.app/$(BUNDLE_EXECUTABLE_FOLDER_PATH)/BT_CustomGraphics";
			};
			name = Release;
		};
		90CC0D002CFE52A2005284AF /* Debug */ = {
			isa = XCBuildConfiguration;
			buildSettings = {
				CODE_SIGN_STYLE = Automatic;
				CURRENT_PROJECT_VERSION = 1;
				GENERATE_INFOPLIST_FILE = YES;
				MARKETING_VERSION = 1.0;
				PRODUCT_BUNDLE_IDENTIFIER = "bt007.BT-CustomGraphicsUITests";
				PRODUCT_NAME = "$(TARGET_NAME)";
				SWIFT_EMIT_LOC_STRINGS = NO;
				SWIFT_VERSION = 5.0;
				TARGETED_DEVICE_FAMILY = "1,2";
				TEST_TARGET_NAME = BT_CustomGraphics;
			};
			name = Debug;
		};
		90CC0D012CFE52A2005284AF /* Release */ = {
			isa = XCBuildConfiguration;
			buildSettings = {
				CODE_SIGN_STYLE = Automatic;
				CURRENT_PROJECT_VERSION = 1;
				GENERATE_INFOPLIST_FILE = YES;
				MARKETING_VERSION = 1.0;
				PRODUCT_BUNDLE_IDENTIFIER = "bt007.BT-CustomGraphicsUITests";
				PRODUCT_NAME = "$(TARGET_NAME)";
				SWIFT_EMIT_LOC_STRINGS = NO;
				SWIFT_VERSION = 5.0;
				TARGETED_DEVICE_FAMILY = "1,2";
				TEST_TARGET_NAME = BT_CustomGraphics;
			};
			name = Release;
		};
/* End XCBuildConfiguration section */

/* Begin XCConfigurationList section */
		90CC0CC92CFE52A1005284AF /* Build configuration list for PBXProject "BT_CustomGraphics" */ = {
			isa = XCConfigurationList;
			buildConfigurations = (
				90CC0CFA2CFE52A2005284AF /* Debug */,
				90CC0CFB2CFE52A2005284AF /* Release */,
			);
			defaultConfigurationIsVisible = 0;
			defaultConfigurationName = Release;
		};
		90CC0CF72CFE52A2005284AF /* Build configuration list for PBXNativeTarget "BT_CustomGraphics" */ = {
			isa = XCConfigurationList;
			buildConfigurations = (
				90CC0CF82CFE52A2005284AF /* Debug */,
				90CC0CF92CFE52A2005284AF /* Release */,
			);
			defaultConfigurationIsVisible = 0;
			defaultConfigurationName = Release;
		};
		90CC0CFC2CFE52A2005284AF /* Build configuration list for PBXNativeTarget "BT_CustomGraphicsTests" */ = {
			isa = XCConfigurationList;
			buildConfigurations = (
				90CC0CFD2CFE52A2005284AF /* Debug */,
				90CC0CFE2CFE52A2005284AF /* Release */,
			);
			defaultConfigurationIsVisible = 0;
			defaultConfigurationName = Release;
		};
		90CC0CFF2CFE52A2005284AF /* Build configuration list for PBXNativeTarget "BT_CustomGraphicsUITests" */ = {
			isa = XCConfigurationList;
			buildConfigurations = (
				90CC0D002CFE52A2005284AF /* Debug */,
				90CC0D012CFE52A2005284AF /* Release */,
			);
			defaultConfigurationIsVisible = 0;
			defaultConfigurationName = Release;
		};
/* End XCConfigurationList section */
	};
	rootObject = 90CC0CC62CFE52A1005284AF /* Project object */;
}
